
Microsoft Visual Studio Solution File, Format Version 12.00
# Visual Studio Version 16
VisualStudioVersion = 16.0.32126.315
MinimumVisualStudioVersion = 10.0.40219.1
Project("{8BC9CEB8-8B4A-11D0-8D11-00A0C91BC942}") = "Lab1", "Lab1\Lab1.vcxproj", "{5888609D-5C21-48A5-A3D4-CA519DDCC07F}"
EndProject
Project("{8BC9CEB8-8B4A-11D0-8D11-00A0C91BC942}") = "Lab2", "Lab2\Lab2.vcxproj", "{B5D4BA9A-0D9D-4B04-BB15-95385EB2252A}"
EndProject
Project("{8BC9CEB8-8B4A-11D0-8D11-00A0C91BC942}") = "Lab3", "Lab3\Lab3.vcxproj", "{7A6B56DC-85B2-4CAE-9827-E62FD714EBF9}"
EndProject
Project("{8BC9CEB8-8B4A-11D0-8D11-00A0C91BC942}") = "Lab4", "Lab4\Lab4.vcxproj", "{1B91C322-E522-4223-8411-1587910D590C}"
EndProject
Project("{8BC9CEB8-8B4A-11D0-8D11-00A0C91BC942}") = "Lab5", "Lab5\Lab5.vcxproj", "{D2305CED-2235-4215-BD2F-03B3B81519AB}"
EndProject
Global
	GlobalSection(SolutionConfigurationPlatforms) = preSolution
		Debug|x64 = Debug|x64
		Debug|x86 = Debug|x86
		Release|x64 = Release|x64
		Release|x86 = Release|x86
	EndGlobalSection
	GlobalSection(ProjectConfigurationPlatforms) = postSolution
		{5888609D-5C21-48A5-A3D4-CA519DDCC07F}.Debug|x64.ActiveCfg = Debug|x64
		{5888609D-5C21-48A5-A3D4-CA519DDCC07F}.Debug|x64.Build.0 = Debug|x64
		{5888609D-5C21-48A5-A3D4-CA519DDCC07F}.Debug|x86.ActiveCfg = Debug|Win32
		{5888609D-5C21-48A5-A3D4-CA519DDCC07F}.Debug|x86.Build.0 = Debug|Win32
		{5888609D-5C21-48A5-A3D4-CA519DDCC07F}.Release|x64.ActiveCfg = Release|x64
		{5888609D-5C21-48A5-A3D4-CA519DDCC07F}.Release|x64.Build.0 = Release|x64
		{5888609D-5C21-48A5-A3D4-CA519DDCC07F}.Release|x86.ActiveCfg = Release|Win32
		{5888609D-5C21-48A5-A3D4-CA519DDCC07F}.Release|x86.Build.0 = Release|Win32
		{B5D4BA9A-0D9D-4B04-BB15-95385EB2252A}.Debug|x64.ActiveCfg = Debug|x64
		{B5D4BA9A-0D9D-4B04-BB15-95385EB2252A}.Debug|x64.Build.0 = Debug|x64
		{B5D4BA9A-0D9D-4B04-BB15-95385EB2252A}.Debug|x86.ActiveCfg = Debug|Win32
		{B5D4BA9A-0D9D-4B04-BB15-95385EB2252A}.Debug|x86.Build.0 = Debug|Win32
		{B5D4BA9A-0D9D-4B04-BB15-95385EB2252A}.Release|x64.ActiveCfg = Release|x64
		{B5D4BA9A-0D9D-4B04-BB15-95385EB2252A}.Release|x64.Build.0 = Release|x64
		{B5D4BA9A-0D9D-4B04-BB15-95385EB2252A}.Release|x86.ActiveCfg = Release|Win32
		{B5D4BA9A-0D9D-4B04-BB15-95385EB2252A}.Release|x86.Build.0 = Release|Win32
		{7A6B56DC-85B2-4CAE-9827-E62FD714EBF9}.Debug|x64.ActiveCfg = Debug|x64
		{7A6B56DC-85B2-4CAE-9827-E62FD714EBF9}.Debug|x64.Build.0 = Debug|x64
		{7A6B56DC-85B2-4CAE-9827-E62FD714EBF9}.Debug|x86.ActiveCfg = Debug|Win32
		{7A6B56DC-85B2-4CAE-9827-E62FD714EBF9}.Debug|x86.Build.0 = Debug|Win32
		{7A6B56DC-85B2-4CAE-9827-E62FD714EBF9}.Release|x64.ActiveCfg = Release|x64
		{7A6B56DC-85B2-4CAE-9827-E62FD714EBF9}.Release|x64.Build.0 = Release|x64
		{7A6B56DC-85B2-4CAE-9827-E62FD714EBF9}.Release|x86.ActiveCfg = Release|Win32
		{7A6B56DC-85B2-4CAE-9827-E62FD714EBF9}.Release|x86.Build.0 = Release|Win32
		{1B91C322-E522-4223-8411-1587910D590C}.Debug|x64.ActiveCfg = Debug|x64
		{1B91C322-E522-4223-8411-1587910D590C}.Debug|x64.Build.0 = Debug|x64
		{1B91C322-E522-4223-8411-1587910D590C}.Debug|x86.ActiveCfg = Debug|Win32
		{1B91C322-E522-4223-8411-1587910D590C}.Debug|x86.Build.0 = Debug|Win32
		{1B91C322-E522-4223-8411-1587910D590C}.Release|x64.ActiveCfg = Release|x64
		{1B91C322-E522-4223-8411-1587910D590C}.Release|x64.Build.0 = Release|x64
		{1B91C322-E522-4223-8411-1587910D590C}.Release|x86.ActiveCfg = Release|Win32
		{1B91C322-E522-4223-8411-1587910D590C}.Release|x86.Build.0 = Release|Win32
		{D2305CED-2235-4215-BD2F-03B3B81519AB}.Debug|x64.ActiveCfg = Debug|x64
		{D2305CED-2235-4215-BD2F-03B3B81519AB}.Debug|x64.Build.0 = Debug|x64
		{D2305CED-2235-4215-BD2F-03B3B81519AB}.Debug|x86.ActiveCfg = Debug|Win32
		{D2305CED-2235-4215-BD2F-03B3B81519AB}.Debug|x86.Build.0 = Debug|Win32
		{D2305CED-2235-4215-BD2F-03B3B81519AB}.Release|x64.ActiveCfg = Release|x64
		{D2305CED-2235-4215-BD2F-03B3B81519AB}.Release|x64.Build.0 = Release|x64
		{D2305CED-2235-4215-BD2F-03B3B81519AB}.Release|x86.ActiveCfg = Release|Win32
		{D2305CED-2235-4215-BD2F-03B3B81519AB}.Release|x86.Build.0 = Release|Win32
	EndGlobalSection
	GlobalSection(SolutionProperties) = preSolution
		HideSolutionNode = FALSE
	EndGlobalSection
	GlobalSection(ExtensibilityGlobals) = postSolution
		SolutionGuid = {5BBE7AD7-C391-408A-9700-E4887D35A396}
	EndGlobalSection
EndGlobal
